
Microsoft Visual Studio Solution File, Format Version 12.00
# Visual Studio Version 16
VisualStudioVersion = 16.0.31613.86
MinimumVisualStudioVersion = 10.0.40219.1
Project("{FAE04EC0-301F-11D3-BF4B-00C04F79EFBC}") = "Tretton37", "Tretton37\Tretton37.csproj", "{C1968DBA-5005-4C07-B438-B1DF6C7BBA5F}"
EndProject
Project("{FAE04EC0-301F-11D3-BF4B-00C04F79EFBC}") = "Tretton37.Core", "Tretton37.Core\Tretton37.Core.csproj", "{50C10705-A146-4F6B-8A8E-3363F170017C}"
EndProject
Global
	GlobalSection(SolutionConfigurationPlatforms) = preSolution
		Debug|Any CPU = Debug|Any CPU
		Release|Any CPU = Release|Any CPU
	EndGlobalSection
	GlobalSection(ProjectConfigurationPlatforms) = postSolution
		{C1968DBA-5005-4C07-B438-B1DF6C7BBA5F}.Debug|Any CPU.ActiveCfg = Debug|Any CPU
		{C1968DBA-5005-4C07-B438-B1DF6C7BBA5F}.Debug|Any CPU.Build.0 = Debug|Any CPU
		{C1968DBA-5005-4C07-B438-B1DF6C7BBA5F}.Release|Any CPU.ActiveCfg = Release|Any CPU
		{C1968DBA-5005-4C07-B438-B1DF6C7BBA5F}.Release|Any CPU.Build.0 = Release|Any CPU
		{50C10705-A146-4F6B-8A8E-3363F170017C}.Debug|Any CPU.ActiveCfg = Debug|Any CPU
		{50C10705-A146-4F6B-8A8E-3363F170017C}.Debug|Any CPU.Build.0 = Debug|Any CPU
		{50C10705-A146-4F6B-8A8E-3363F170017C}.Release|Any CPU.ActiveCfg = Release|Any CPU
		{50C10705-A146-4F6B-8A8E-3363F170017C}.Release|Any CPU.Build.0 = Release|Any CPU
	EndGlobalSection
	GlobalSection(SolutionProperties) = preSolution
		HideSolutionNode = FALSE
	EndGlobalSection
	GlobalSection(ExtensibilityGlobals) = postSolution
		SolutionGuid = {0A9CBDC4-E3F4-4066-990B-64360E280049}
	EndGlobalSection
EndGlobal
